{
    "name": "rps",
    "version": "1.0.0",
    "lockfileVersion": 3,
    "requires": true,
    "packages": {
        "": {
            "name": "rps",
            "version": "1.0.0",
            "license": "ISC",
            "devDependencies": {
                "globals": "^15.12.0"
            }
        },
        "node_modules/globals": {
            "version": "15.12.0",
            "resolved": "https://registry.npmjs.org/globals/-/globals-15.12.0.tgz",
            "integrity": "sha512-1+gLErljJFhbOVyaetcwJiJ4+eLe45S2E7P5UiZ9xGfeq3ATQf5DOv9G7MH3gGbKQLkzmNh2DxfZwLdw+j6oTQ==",
            "dev": true,
            "license": "MIT",
            "engines": {
                "node": ">=18"
            },
            "funding": {
                "url": "https://github.com/sponsors/sindresorhus"
            }
        }
    }
}
